// !$*UTF8*$!
{
	archiveVersion = 1;
	classes = {
	};
	objectVersion = 50;
	objects = {

/* Begin PBXBuildFile section */
		4E3381E2238606C500770DBD /* AppDelegate.swift in Sources */ = {isa = PBXBuildFile; fileRef = 4E3381E1238606C500770DBD /* AppDelegate.swift */; };
		4E3381E4238606C500770DBD /* SceneDelegate.swift in Sources */ = {isa = PBXBuildFile; fileRef = 4E3381E3238606C500770DBD /* SceneDelegate.swift */; };
		4E3381E6238606C500770DBD /* HomeViewController.swift in Sources */ = {isa = PBXBuildFile; fileRef = 4E3381E5238606C500770DBD /* HomeViewController.swift */; };
		4E3381E9238606C500770DBD /* Main.storyboard in Resources */ = {isa = PBXBuildFile; fileRef = 4E3381E7238606C500770DBD /* Main.storyboard */; };
		4E3381EB238606C700770DBD /* Assets.xcassets in Resources */ = {isa = PBXBuildFile; fileRef = 4E3381EA238606C700770DBD /* Assets.xcassets */; };
		4E3381EE238606C700770DBD /* LaunchScreen.storyboard in Resources */ = {isa = PBXBuildFile; fileRef = 4E3381EC238606C700770DBD /* LaunchScreen.storyboard */; };
		4E3381F9238606C700770DBD /* TrueMotionApplicationTests.swift in Sources */ = {isa = PBXBuildFile; fileRef = 4E3381F8238606C700770DBD /* TrueMotionApplicationTests.swift */; };
/* End PBXBuildFile section */

/* Begin PBXContainerItemProxy section */
		4E3381F5238606C700770DBD /* PBXContainerItemProxy */ = {
			isa = PBXContainerItemProxy;
			containerPortal = 4E3381D6238606C500770DBD /* Project object */;
			proxyType = 1;
			remoteGlobalIDString = 4E3381DD238606C500770DBD;
			remoteInfo = TrueMotionApplication;
		};
/* End PBXContainerItemProxy section */

/* Begin PBXFileReference section */
		4E3381DE238606C500770DBD /* TrueMotionApplication.app */ = {isa = PBXFileReference; explicitFileType = wrapper.application; includeInIndex = 0; path = TrueMotionApplication.app; sourceTree = BUILT_PRODUCTS_DIR; };
		4E3381E1238606C500770DBD /* AppDelegate.swift */ = {isa = PBXFileReference; lastKnownFileType = sourcecode.swift; path = AppDelegate.swift; sourceTree = "<group>"; };
		4E3381E3238606C500770DBD /* SceneDelegate.swift */ = {isa = PBXFileReference; lastKnownFileType = sourcecode.swift; path = SceneDelegate.swift; sourceTree = "<group>"; };
		4E3381E5238606C500770DBD /* HomeViewController.swift */ = {isa = PBXFileReference; lastKnownFileType = sourcecode.swift; path = HomeViewController.swift; sourceTree = "<group>"; };
		4E3381E8238606C500770DBD /* Base */ = {isa = PBXFileReference; lastKnownFileType = file.storyboard; name = Base; path = Base.lproj/Main.storyboard; sourceTree = "<group>"; };
		4E3381EA238606C700770DBD /* Assets.xcassets */ = {isa = PBXFileReference; lastKnownFileType = folder.assetcatalog; path = Assets.xcassets; sourceTree = "<group>"; };
		4E3381ED238606C700770DBD /* Base */ = {isa = PBXFileReference; lastKnownFileType = file.storyboard; name = Base; path = Base.lproj/LaunchScreen.storyboard; sourceTree = "<group>"; };
		4E3381EF238606C700770DBD /* Info.plist */ = {isa = PBXFileReference; lastKnownFileType = text.plist.xml; path = Info.plist; sourceTree = "<group>"; };
		4E3381F4238606C700770DBD /* TrueMotionApplicationTests.xctest */ = {isa = PBXFileReference; explicitFileType = wrapper.cfbundle; includeInIndex = 0; path = TrueMotionApplicationTests.xctest; sourceTree = BUILT_PRODUCTS_DIR; };
		4E3381F8238606C700770DBD /* TrueMotionApplicationTests.swift */ = {isa = PBXFileReference; lastKnownFileType = sourcecode.swift; path = TrueMotionApplicationTests.swift; sourceTree = "<group>"; };
		4E3381FA238606C700770DBD /* Info.plist */ = {isa = PBXFileReference; lastKnownFileType = text.plist.xml; path = Info.plist; sourceTree = "<group>"; };
/* End PBXFileReference section */

/* Begin PBXFrameworksBuildPhase section */
		4E3381DB238606C500770DBD /* Frameworks */ = {
			isa = PBXFrameworksBuildPhase;
			buildActionMask = 2147483647;
			files = (
			);
			runOnlyForDeploymentPostprocessing = 0;
		};
		4E3381F1238606C700770DBD /* Frameworks */ = {
			isa = PBXFrameworksBuildPhase;
			buildActionMask = 2147483647;
			files = (
			);
			runOnlyForDeploymentPostprocessing = 0;
		};
/* End PBXFrameworksBuildPhase section */

/* Begin PBXGroup section */
		4E3381D5238606C500770DBD = {
			isa = PBXGroup;
			children = (
				4E3381E0238606C500770DBD /* TrueMotionApplication */,
				4E3381F7238606C700770DBD /* TrueMotionApplicationTests */,
				4E3381DF238606C500770DBD /* Products */,
			);
			sourceTree = "<group>";
		};
		4E3381DF238606C500770DBD /* Products */ = {
			isa = PBXGroup;
			children = (
				4E3381DE238606C500770DBD /* TrueMotionApplication.app */,
				4E3381F4238606C700770DBD /* TrueMotionApplicationTests.xctest */,
			);
			name = Products;
			sourceTree = "<group>";
		};
		4E3381E0238606C500770DBD /* TrueMotionApplication */ = {
			isa = PBXGroup;
			children = (
				4E3382042386089F00770DBD /* Storyboards */,
				4E3382032386088D00770DBD /* ViewControllers */,
				4E3381E1238606C500770DBD /* AppDelegate.swift */,
				4E3381E3238606C500770DBD /* SceneDelegate.swift */,
				4E3381EA238606C700770DBD /* Assets.xcassets */,
				4E3381EC238606C700770DBD /* LaunchScreen.storyboard */,
				4E3381EF238606C700770DBD /* Info.plist */,
			);
			path = TrueMotionApplication;
			sourceTree = "<group>";
		};
		4E3381F7238606C700770DBD /* TrueMotionApplicationTests */ = {
			isa = PBXGroup;
			children = (
				4E3381F8238606C700770DBD /* TrueMotionApplicationTests.swift */,
				4E3381FA238606C700770DBD /* Info.plist */,
			);
			path = TrueMotionApplicationTests;
			sourceTree = "<group>";
		};
		4E3382032386088D00770DBD /* ViewControllers */ = {
			isa = PBXGroup;
			children = (
				4E3381E5238606C500770DBD /* HomeViewController.swift */,
			);
			path = ViewControllers;
			sourceTree = "<group>";
		};
		4E3382042386089F00770DBD /* Storyboards */ = {
			isa = PBXGroup;
			children = (
				4E3381E7238606C500770DBD /* Main.storyboard */,
			);
			path = Storyboards;
			sourceTree = "<group>";
		};
/* End PBXGroup section */

/* Begin PBXNativeTarget section */
		4E3381DD238606C500770DBD /* TrueMotionApplication */ = {
			isa = PBXNativeTarget;
			buildConfigurationList = 4E3381FD238606C700770DBD /* Build configuration list for PBXNativeTarget "TrueMotionApplication" */;
			buildPhases = (
				4E3381DA238606C500770DBD /* Sources */,
				4E3381DB238606C500770DBD /* Frameworks */,
				4E3381DC238606C500770DBD /* Resources */,
			);
			buildRules = (
			);
			dependencies = (
			);
			name = TrueMotionApplication;
			productName = TrueMotionApplication;
			productReference = 4E3381DE238606C500770DBD /* TrueMotionApplication.app */;
			productType = "com.apple.product-type.application";
		};
		4E3381F3238606C700770DBD /* TrueMotionApplicationTests */ = {
			isa = PBXNativeTarget;
			buildConfigurationList = 4E338200238606C700770DBD /* Build configuration list for PBXNativeTarget "TrueMotionApplicationTests" */;
			buildPhases = (
				4E3381F0238606C700770DBD /* Sources */,
				4E3381F1238606C700770DBD /* Frameworks */,
				4E3381F2238606C700770DBD /* Resources */,
			);
			buildRules = (
			);
			dependencies = (
				4E3381F6238606C700770DBD /* PBXTargetDependency */,
			);
			name = TrueMotionApplicationTests;
			productName = TrueMotionApplicationTests;
			productReference = 4E3381F4238606C700770DBD /* TrueMotionApplicationTests.xctest */;
			productType = "com.apple.product-type.bundle.unit-test";
		};
/* End PBXNativeTarget section */

/* Begin PBXProject section */
		4E3381D6238606C500770DBD /* Project object */ = {
			isa = PBXProject;
			attributes = {
				LastSwiftUpdateCheck = 1120;
				LastUpgradeCheck = 1120;
				ORGANIZATIONNAME = "Jian Ma";
				TargetAttributes = {
					4E3381DD238606C500770DBD = {
						CreatedOnToolsVersion = 11.2.1;
					};
					4E3381F3238606C700770DBD = {
						CreatedOnToolsVersion = 11.2.1;
						TestTargetID = 4E3381DD238606C500770DBD;
					};
				};
			};
			buildConfigurationList = 4E3381D9238606C500770DBD /* Build configuration list for PBXProject "TrueMotionApplication" */;
			compatibilityVersion = "Xcode 9.3";
			developmentRegion = en;
			hasScannedForEncodings = 0;
			knownRegions = (
				en,
				Base,
			);
			mainGroup = 4E3381D5238606C500770DBD;
			productRefGroup = 4E3381DF238606C500770DBD /* Products */;
			projectDirPath = "";
			projectRoot = "";
			targets = (
				4E3381DD238606C500770DBD /* TrueMotionApplication */,
				4E3381F3238606C700770DBD /* TrueMotionApplicationTests */,
			);
		};
/* End PBXProject section */

/* Begin PBXResourcesBuildPhase section */
		4E3381DC238606C500770DBD /* Resources */ = {
			isa = PBXResourcesBuildPhase;
			buildActionMask = 2147483647;
			files = (
				4E3381EE238606C700770DBD /* LaunchScreen.storyboard in Resources */,
				4E3381EB238606C700770DBD /* Assets.xcassets in Resources */,
				4E3381E9238606C500770DBD /* Main.storyboard in Resources */,
			);
			runOnlyForDeploymentPostprocessing = 0;
		};
		4E3381F2238606C700770DBD /* Resources */ = {
			isa = PBXResourcesBuildPhase;
			buildActionMask = 2147483647;
			files = (
			);
			runOnlyForDeploymentPostprocessing = 0;
		};
/* End PBXResourcesBuildPhase section */

/* Begin PBXSourcesBuildPhase section */
		4E3381DA238606C500770DBD /* Sources */ = {
			isa = PBXSourcesBuildPhase;
			buildActionMask = 2147483647;
			files = (
				4E3381E6238606C500770DBD /* HomeViewController.swift in Sources */,
				4E3381E2238606C500770DBD /* AppDelegate.swift in Sources */,
				4E3381E4238606C500770DBD /* SceneDelegate.swift in Sources */,
			);
			runOnlyForDeploymentPostprocessing = 0;
		};
		4E3381F0238606C700770DBD /* Sources */ = {
			isa = PBXSourcesBuildPhase;
			buildActionMask = 2147483647;
			files = (
				4E3381F9238606C700770DBD /* TrueMotionApplicationTests.swift in Sources */,
			);
			runOnlyForDeploymentPostprocessing = 0;
		};
/* End PBXSourcesBuildPhase section */

/* Begin PBXTargetDependency section */
		4E3381F6238606C700770DBD /* PBXTargetDependency */ = {
			isa = PBXTargetDependency;
			target = 4E3381DD238606C500770DBD /* TrueMotionApplication */;
			targetProxy = 4E3381F5238606C700770DBD /* PBXContainerItemProxy */;
		};
/* End PBXTargetDependency section */

/* Begin PBXVariantGroup section */
		4E3381E7238606C500770DBD /* Main.storyboard */ = {
			isa = PBXVariantGroup;
			children = (
				4E3381E8238606C500770DBD /* Base */,
			);
			name = Main.storyboard;
			sourceTree = "<group>";
		};
		4E3381EC238606C700770DBD /* LaunchScreen.storyboard */ = {
			isa = PBXVariantGroup;
			children = (
				4E3381ED238606C700770DBD /* Base */,
			);
			name = LaunchScreen.storyboard;
			sourceTree = "<group>";
		};
/* End PBXVariantGroup section */

/* Begin XCBuildConfiguration section */
		4E3381FB238606C700770DBD /* Debug */ = {
			isa = XCBuildConfiguration;
			buildSettings = {
				ALWAYS_SEARCH_USER_PATHS = NO;
				CLANG_ANALYZER_NONNULL = YES;
				CLANG_ANALYZER_NUMBER_OBJECT_CONVERSION = YES_AGGRESSIVE;
				CLANG_CXX_LANGUAGE_STANDARD = "gnu++14";
				CLANG_CXX_LIBRARY = "libc++";
				CLANG_ENABLE_MODULES = YES;
				CLANG_ENABLE_OBJC_ARC = YES;
				CLANG_ENABLE_OBJC_WEAK = YES;
				CLANG_WARN_BLOCK_CAPTURE_AUTORELEASING = YES;
				CLANG_WARN_BOOL_CONVERSION = YES;
				CLANG_WARN_COMMA = YES;
				CLANG_WARN_CONSTANT_CONVERSION = YES;
				CLANG_WARN_DEPRECATED_OBJC_IMPLEMENTATIONS = YES;
				CLANG_WARN_DIRECT_OBJC_ISA_USAGE = YES_ERROR;
				CLANG_WARN_DOCUMENTATION_COMMENTS = YES;
				CLANG_WARN_EMPTY_BODY = YES;
				CLANG_WARN_ENUM_CONVERSION = YES;
				CLANG_WARN_INFINITE_RECURSION = YES;
				CLANG_WARN_INT_CONVERSION = YES;
				CLANG_WARN_NON_LITERAL_NULL_CONVERSION = YES;
				CLANG_WARN_OBJC_IMPLICIT_RETAIN_SELF = YES;
				CLANG_WARN_OBJC_LITERAL_CONVERSION = YES;
				CLANG_WARN_OBJC_ROOT_CLASS = YES_ERROR;
				CLANG_WARN_RANGE_LOOP_ANALYSIS = YES;
				CLANG_WARN_STRICT_PROTOTYPES = YES;
				CLANG_WARN_SUSPICIOUS_MOVE = YES;
				CLANG_WARN_UNGUARDED_AVAILABILITY = YES_AGGRESSIVE;
				CLANG_WARN_UNREACHABLE_CODE = YES;
				CLANG_WARN__DUPLICATE_METHOD_MATCH = YES;
				COPY_PHASE_STRIP = NO;
				DEBUG_INFORMATION_FORMAT = dwarf;
				ENABLE_STRICT_OBJC_MSGSEND = YES;
				ENABLE_TESTABILITY = YES;
				GCC_C_LANGUAGE_STANDARD = gnu11;
				GCC_DYNAMIC_NO_PIC = NO;
				GCC_NO_COMMON_BLOCKS = YES;
				GCC_OPTIMIZATION_LEVEL = 0;
				GCC_PREPROCESSOR_DEFINITIONS = (
					"DEBUG=1",
					"$(inherited)",
				);
				GCC_WARN_64_TO_32_BIT_CONVERSION = YES;
				GCC_WARN_ABOUT_RETURN_TYPE = YES_ERROR;
				GCC_WARN_UNDECLARED_SELECTOR = YES;
				GCC_WARN_UNINITIALIZED_AUTOS = YES_AGGRESSIVE;
				GCC_WARN_UNUSED_FUNCTION = YES;
				GCC_WARN_UNUSED_VARIABLE = YES;
				IPHONEOS_DEPLOYMENT_TARGET = 13.2;
				MTL_ENABLE_DEBUG_INFO = INCLUDE_SOURCE;
				MTL_FAST_MATH = YES;
				ONLY_ACTIVE_ARCH = YES;
				SDKROOT = iphoneos;
				SWIFT_ACTIVE_COMPILATION_CONDITIONS = DEBUG;
				SWIFT_OPTIMIZATION_LEVEL = "-Onone";
			};
			name = Debug;
		};
		4E3381FC238606C700770DBD /* Release */ = {
			isa = XCBuildConfiguration;
			buildSettings = {
				ALWAYS_SEARCH_USER_PATHS = NO;
				CLANG_ANALYZER_NONNULL = YES;
				CLANG_ANALYZER_NUMBER_OBJECT_CONVERSION = YES_AGGRESSIVE;
				CLANG_CXX_LANGUAGE_STANDARD = "gnu++14";
				CLANG_CXX_LIBRARY = "libc++";
				CLANG_ENABLE_MODULES = YES;
				CLANG_ENABLE_OBJC_ARC = YES;
				CLANG_ENABLE_OBJC_WEAK = YES;
				CLANG_WARN_BLOCK_CAPTURE_AUTORELEASING = YES;
				CLANG_WARN_BOOL_CONVERSION = YES;
				CLANG_WARN_COMMA = YES;
				CLANG_WARN_CONSTANT_CONVERSION = YES;
				CLANG_WARN_DEPRECATED_OBJC_IMPLEMENTATIONS = YES;
				CLANG_WARN_DIRECT_OBJC_ISA_USAGE = YES_ERROR;
				CLANG_WARN_DOCUMENTATION_COMMENTS = YES;
				CLANG_WARN_EMPTY_BODY = YES;
				CLANG_WARN_ENUM_CONVERSION = YES;
				CLANG_WARN_INFINITE_RECURSION = YES;
				CLANG_WARN_INT_CONVERSION = YES;
				CLANG_WARN_NON_LITERAL_NULL_CONVERSION = YES;
				CLANG_WARN_OBJC_IMPLICIT_RETAIN_SELF = YES;
				CLANG_WARN_OBJC_LITERAL_CONVERSION = YES;
				CLANG_WARN_OBJC_ROOT_CLASS = YES_ERROR;
				CLANG_WARN_RANGE_LOOP_ANALYSIS = YES;
				CLANG_WARN_STRICT_PROTOTYPES = YES;
				CLANG_WARN_SUSPICIOUS_MOVE = YES;
				CLANG_WARN_UNGUARDED_AVAILABILITY = YES_AGGRESSIVE;
				CLANG_WARN_UNREACHABLE_CODE = YES;
				CLANG_WARN__DUPLICATE_METHOD_MATCH = YES;
				COPY_PHASE_STRIP = NO;
				DEBUG_INFORMATION_FORMAT = "dwarf-with-dsym";
				ENABLE_NS_ASSERTIONS = NO;
				ENABLE_STRICT_OBJC_MSGSEND = YES;
				GCC_C_LANGUAGE_STANDARD = gnu11;
				GCC_NO_COMMON_BLOCKS = YES;
				GCC_WARN_64_TO_32_BIT_CONVERSION = YES;
				GCC_WARN_ABOUT_RETURN_TYPE = YES_ERROR;
				GCC_WARN_UNDECLARED_SELECTOR = YES;
				GCC_WARN_UNINITIALIZED_AUTOS = YES_AGGRESSIVE;
				GCC_WARN_UNUSED_FUNCTION = YES;
				GCC_WARN_UNUSED_VARIABLE = YES;
				IPHONEOS_DEPLOYMENT_TARGET = 13.2;
				MTL_ENABLE_DEBUG_INFO = NO;
				MTL_FAST_MATH = YES;
				SDKROOT = iphoneos;
				SWIFT_COMPILATION_MODE = wholemodule;
				SWIFT_OPTIMIZATION_LEVEL = "-O";
				VALIDATE_PRODUCT = YES;
			};
			name = Release;
		};
		4E3381FE238606C700770DBD /* Debug */ = {
			isa = XCBuildConfiguration;
			buildSettings = {
				ASSETCATALOG_COMPILER_APPICON_NAME = AppIcon;
				CODE_SIGN_STYLE = Automatic;
				INFOPLIST_FILE = TrueMotionApplication/Info.plist;
				LD_RUNPATH_SEARCH_PATHS = (
					"$(inherited)",
					"@executable_path/Frameworks",
				);
				PRODUCT_BUNDLE_IDENTIFIER = "Jian-s-Solo-Adventure.TrueMotionApplication";
				PRODUCT_NAME = "$(TARGET_NAME)";
				SWIFT_VERSION = 5.0;
				TARGETED_DEVICE_FAMILY = "1,2";
			};
			name = Debug;
		};
		4E3381FF238606C700770DBD /* Release */ = {
			isa = XCBuildConfiguration;
			buildSettings = {
				ASSETCATALOG_COMPILER_APPICON_NAME = AppIcon;
				CODE_SIGN_STYLE = Automatic;
				INFOPLIST_FILE = TrueMotionApplication/Info.plist;
				LD_RUNPATH_SEARCH_PATHS = (
					"$(inherited)",
					"@executable_path/Frameworks",
				);
				PRODUCT_BUNDLE_IDENTIFIER = "Jian-s-Solo-Adventure.TrueMotionApplication";
				PRODUCT_NAME = "$(TARGET_NAME)";
				SWIFT_VERSION = 5.0;
				TARGETED_DEVICE_FAMILY = "1,2";
			};
			name = Release;
		};
		4E338201238606C700770DBD /* Debug */ = {
			isa = XCBuildConfiguration;
			buildSettings = {
				ALWAYS_EMBED_SWIFT_STANDARD_LIBRARIES = YES;
				BUNDLE_LOADER = "$(TEST_HOST)";
				CODE_SIGN_STYLE = Automatic;
				INFOPLIST_FILE = TrueMotionApplicationTests/Info.plist;
				IPHONEOS_DEPLOYMENT_TARGET = 13.2;
				LD_RUNPATH_SEARCH_PATHS = (
					"$(inherited)",
					"@executable_path/Frameworks",
					"@loader_path/Frameworks",
				);
				PRODUCT_BUNDLE_IDENTIFIER = "Jian-s-Solo-Adventure.TrueMotionApplicationTests";
				PRODUCT_NAME = "$(TARGET_NAME)";
				SWIFT_VERSION = 5.0;
				TARGETED_DEVICE_FAMILY = "1,2";
				TEST_HOST = "$(BUILT_PRODUCTS_DIR)/TrueMotionApplication.app/TrueMotionApplication";
			};
			name = Debug;
		};
		4E338202238606C700770DBD /* Release */ = {
			isa = XCBuildConfiguration;
			buildSettings = {
				ALWAYS_EMBED_SWIFT_STANDARD_LIBRARIES = YES;
				BUNDLE_LOADER = "$(TEST_HOST)";
				CODE_SIGN_STYLE = Automatic;
				INFOPLIST_FILE = TrueMotionApplicationTests/Info.plist;
				IPHONEOS_DEPLOYMENT_TARGET = 13.2;
				LD_RUNPATH_SEARCH_PATHS = (
					"$(inherited)",
					"@executable_path/Frameworks",
					"@loader_path/Frameworks",
				);
				PRODUCT_BUNDLE_IDENTIFIER = "Jian-s-Solo-Adventure.TrueMotionApplicationTests";
				PRODUCT_NAME = "$(TARGET_NAME)";
				SWIFT_VERSION = 5.0;
				TARGETED_DEVICE_FAMILY = "1,2";
				TEST_HOST = "$(BUILT_PRODUCTS_DIR)/TrueMotionApplication.app/TrueMotionApplication";
			};
			name = Release;
		};
/* End XCBuildConfiguration section */

/* Begin XCConfigurationList section */
		4E3381D9238606C500770DBD /* Build configuration list for PBXProject "TrueMotionApplication" */ = {
			isa = XCConfigurationList;
			buildConfigurations = (
				4E3381FB238606C700770DBD /* Debug */,
				4E3381FC238606C700770DBD /* Release */,
			);
			defaultConfigurationIsVisible = 0;
			defaultConfigurationName = Release;
		};
		4E3381FD238606C700770DBD /* Build configuration list for PBXNativeTarget "TrueMotionApplication" */ = {
			isa = XCConfigurationList;
			buildConfigurations = (
				4E3381FE238606C700770DBD /* Debug */,
				4E3381FF238606C700770DBD /* Release */,
			);
			defaultConfigurationIsVisible = 0;
			defaultConfigurationName = Release;
		};
		4E338200238606C700770DBD /* Build configuration list for PBXNativeTarget "TrueMotionApplicationTests" */ = {
			isa = XCConfigurationList;
			buildConfigurations = (
				4E338201238606C700770DBD /* Debug */,
				4E338202238606C700770DBD /* Release */,
			);
			defaultConfigurationIsVisible = 0;
			defaultConfigurationName = Release;
		};
/* End XCConfigurationList section */
	};
	rootObject = 4E3381D6238606C500770DBD /* Project object */;
}
